// !$*UTF8*$!
{
	archiveVersion = 1;
	classes = {
	};
	objectVersion = 77;
	objects = {

/* Begin PBXBuildFile section */
		0434B8692FE0FB3200014458 /* Starscream in Frameworks */ = {isa = PBXBuildFile; productRef = 0434B8682FE0FB3200014458 /* Starscream */; };
		AA000000000000000000000B /* PollWidgetExtension.appex in Embed Foundation Extensions */ = {isa = PBXBuildFile; fileRef = AA0000000000000000000002 /* PollWidgetExtension.appex */; settings = {ATTRIBUTES = (RemoveHeadersOnCopy, ); }; };
/* End PBXBuildFile section */

/* Begin PBXContainerItemProxy section */
		048A46952FDFB068006FCDC4 /* PBXContainerItemProxy */ = {
			isa = PBXContainerItemProxy;
			containerPortal = 048A46732FDFB066006FCDC4 /* Project object */;
			proxyType = 1;
			remoteGlobalIDString = 048A467A2FDFB066006FCDC4;
			remoteInfo = Feelit;
		};
		048A469F2FDFB068006FCDC4 /* PBXContainerItemProxy */ = {
			isa = PBXContainerItemProxy;
			containerPortal = 048A46732FDFB066006FCDC4 /* Project object */;
			proxyType = 1;
			remoteGlobalIDString = 048A467A2FDFB066006FCDC4;
			remoteInfo = Feelit;
		};
		AA000000000000000000000D /* PBXContainerItemProxy */ = {
			isa = PBXContainerItemProxy;
			containerPortal = 048A46732FDFB066006FCDC4 /* Project object */;
			proxyType = 1;
			remoteGlobalIDString = AA0000000000000000000001;
			remoteInfo = PollWidgetExtension;
		};
/* End PBXContainerItemProxy section */

/* Begin PBXCopyFilesBuildPhase section */
		AA000000000000000000000A /* Embed Foundation Extensions */ = {
			isa = PBXCopyFilesBuildPhase;
			buildActionMask = 2147483647;
			dstPath = "";
			dstSubfolderSpec = 13;
			files = (
				AA000000000000000000000B /* PollWidgetExtension.appex in Embed Foundation Extensions */,
			);
			name = "Embed Foundation Extensions";
			runOnlyForDeploymentPostprocessing = 0;
		};
/* End PBXCopyFilesBuildPhase section */

/* Begin PBXFileReference section */
		048A467B2FDFB066006FCDC4 /* Feelit.app */ = {isa = PBXFileReference; explicitFileType = wrapper.application; includeInIndex = 0; path = Feelit.app; sourceTree = BUILT_PRODUCTS_DIR; };
		048A46942FDFB068006FCDC4 /* FeelitTests.xctest */ = {isa = PBXFileReference; explicitFileType = wrapper.cfbundle; includeInIndex = 0; path = FeelitTests.xctest; sourceTree = BUILT_PRODUCTS_DIR; };
		048A469E2FDFB068006FCDC4 /* FeelitUITests.xctest */ = {isa = PBXFileReference; explicitFileType = wrapper.cfbundle; includeInIndex = 0; path = FeelitUITests.xctest; sourceTree = BUILT_PRODUCTS_DIR; };
		AA0000000000000000000002 /* PollWidgetExtension.appex */ = {isa = PBXFileReference; explicitFileType = "wrapper.app-extension"; includeInIndex = 0; path = PollWidgetExtension.appex; sourceTree = BUILT_PRODUCTS_DIR; };
/* End PBXFileReference section */

/* Begin PBXFileSystemSynchronizedBuildFileExceptionSet section */
		048A46A62FDFB068006FCDC4 /* Exceptions for "Feelit" folder in "Feelit" target */ = {
			isa = PBXFileSystemSynchronizedBuildFileExceptionSet;
			membershipExceptions = (
				Info.plist,
			);
			target = 048A467A2FDFB066006FCDC4 /* Feelit */;
		};
		AA000000000000000000000E /* Exceptions for "PollWidget" folder in "PollWidgetExtension" target */ = {
			isa = PBXFileSystemSynchronizedBuildFileExceptionSet;
			membershipExceptions = (
				Info.plist,
			);
			target = AA0000000000000000000001 /* PollWidgetExtension */;
		};
/* End PBXFileSystemSynchronizedBuildFileExceptionSet section */

/* Begin PBXFileSystemSynchronizedRootGroup section */
		048A467D2FDFB066006FCDC4 /* Feelit */ = {
			isa = PBXFileSystemSynchronizedRootGroup;
			exceptions = (
				048A46A62FDFB068006FCDC4 /* Exceptions for "Feelit" folder in "Feelit" target */,
			);
			path = Feelit;
			sourceTree = "<group>";
		};
		048A46972FDFB068006FCDC4 /* FeelitTests */ = {
			isa = PBXFileSystemSynchronizedRootGroup;
			path = FeelitTests;
			sourceTree = "<group>";
		};
		048A46A12FDFB068006FCDC4 /* FeelitUITests */ = {
			isa = PBXFileSystemSynchronizedRootGroup;
			path = FeelitUITests;
			sourceTree = "<group>";
		};
		AA0000000000000000000003 /* PollWidget */ = {
			isa = PBXFileSystemSynchronizedRootGroup;
			exceptions = (
				AA000000000000000000000E /* Exceptions for "PollWidget" folder in "PollWidgetExtension" target */,
			);
			path = PollWidget;
			sourceTree = "<group>";
		};
/* End PBXFileSystemSynchronizedRootGroup section */

/* Begin PBXFrameworksBuildPhase section */
		048A46782FDFB066006FCDC4 /* Frameworks */ = {
			isa = PBXFrameworksBuildPhase;
			buildActionMask = 2147483647;
			files = (
				0434B8692FE0FB3200014458 /* Starscream in Frameworks */,
			);
			runOnlyForDeploymentPostprocessing = 0;
		};
		048A46912FDFB068006FCDC4 /* Frameworks */ = {
			isa = PBXFrameworksBuildPhase;
			buildActionMask = 2147483647;
			files = (
			);
			runOnlyForDeploymentPostprocessing = 0;
		};
		048A469B2FDFB068006FCDC4 /* Frameworks */ = {
			isa = PBXFrameworksBuildPhase;
			buildActionMask = 2147483647;
			files = (
			);
			runOnlyForDeploymentPostprocessing = 0;
		};
		AA0000000000000000000005 /* Frameworks */ = {
			isa = PBXFrameworksBuildPhase;
			buildActionMask = 2147483647;
			files = (
			);
			runOnlyForDeploymentPostprocessing = 0;
		};
/* End PBXFrameworksBuildPhase section */

/* Begin PBXGroup section */
		048A46722FDFB066006FCDC4 = {
			isa = PBXGroup;
			children = (
				048A467D2FDFB066006FCDC4 /* Feelit */,
				048A46972FDFB068006FCDC4 /* FeelitTests */,
				048A46A12FDFB068006FCDC4 /* FeelitUITests */,
				AA0000000000000000000003 /* PollWidget */,
				048A46CD2FDFB4B8006FCDC4 /* Frameworks */,
				048A467C2FDFB066006FCDC4 /* Products */,
			);
			sourceTree = "<group>";
		};
		048A467C2FDFB066006FCDC4 /* Products */ = {
			isa = PBXGroup;
			children = (
				048A467B2FDFB066006FCDC4 /* Feelit.app */,
				048A46942FDFB068006FCDC4 /* FeelitTests.xctest */,
				048A469E2FDFB068006FCDC4 /* FeelitUITests.xctest */,
				AA0000000000000000000002 /* PollWidgetExtension.appex */,
			);
			name = Products;
			sourceTree = "<group>";
		};
		048A46CD2FDFB4B8006FCDC4 /* Frameworks */ = {
			isa = PBXGroup;
			children = (
			);
			name = Frameworks;
			sourceTree = "<group>";
		};
/* End PBXGroup section */

/* Begin PBXNativeTarget section */
		048A467A2FDFB066006FCDC4 /* Feelit */ = {
			isa = PBXNativeTarget;
			buildConfigurationList = 048A46A72FDFB068006FCDC4 /* Build configuration list for PBXNativeTarget "Feelit" */;
			buildPhases = (
				048A46772FDFB066006FCDC4 /* Sources */,
				048A46782FDFB066006FCDC4 /* Frameworks */,
				048A46792FDFB066006FCDC4 /* Resources */,
				AA000000000000000000000A /* Embed Foundation Extensions */,
			);
			buildRules = (
			);
			dependencies = (
				AA000000000000000000000C /* PBXTargetDependency */,
			);
			fileSystemSynchronizedGroups = (
				048A467D2FDFB066006FCDC4 /* Feelit */,
			);
			name = Feelit;
			packageProductDependencies = (
				0434B8682FE0FB3200014458 /* Starscream */,
			);
			productName = Feelit;
			productReference = 048A467B2FDFB066006FCDC4 /* Feelit.app */;
			productType = "com.apple.product-type.application";
		};
		048A46932FDFB068006FCDC4 /* FeelitTests */ = {
			isa = PBXNativeTarget;
			buildConfigurationList = 048A46AC2FDFB068006FCDC4 /* Build configuration list for PBXNativeTarget "FeelitTests" */;
			buildPhases = (
				048A46902FDFB068006FCDC4 /* Sources */,
				048A46912FDFB068006FCDC4 /* Frameworks */,
				048A46922FDFB068006FCDC4 /* Resources */,
			);
			buildRules = (
			);
			dependencies = (
				048A46962FDFB068006FCDC4 /* PBXTargetDependency */,
			);
			fileSystemSynchronizedGroups = (
				048A46972FDFB068006FCDC4 /* FeelitTests */,
			);
			name = FeelitTests;
			productName = FeelitTests;
			productReference = 048A46942FDFB068006FCDC4 /* FeelitTests.xctest */;
			productType = "com.apple.product-type.bundle.unit-test";
		};
		048A469D2FDFB068006FCDC4 /* FeelitUITests */ = {
			isa = PBXNativeTarget;
			buildConfigurationList = 048A46AF2FDFB068006FCDC4 /* Build configuration list for PBXNativeTarget "FeelitUITests" */;
			buildPhases = (
				048A469A2FDFB068006FCDC4 /* Sources */,
				048A469B2FDFB068006FCDC4 /* Frameworks */,
				048A469C2FDFB068006FCDC4 /* Resources */,
			);
			buildRules = (
			);
			dependencies = (
				048A46A02FDFB068006FCDC4 /* PBXTargetDependency */,
			);
			fileSystemSynchronizedGroups = (
				048A46A12FDFB068006FCDC4 /* FeelitUITests */,
			);
			name = FeelitUITests;
			productName = FeelitUITests;
			productReference = 048A469E2FDFB068006FCDC4 /* FeelitUITests.xctest */;
			productType = "com.apple.product-type.bundle.ui-testing";
		};
		AA0000000000000000000001 /* PollWidgetExtension */ = {
			isa = PBXNativeTarget;
			buildConfigurationList = AA0000000000000000000007 /* Build configuration list for PBXNativeTarget "PollWidgetExtension" */;
			buildPhases = (
				AA0000000000000000000004 /* Sources */,
				AA0000000000000000000005 /* Frameworks */,
				AA0000000000000000000006 /* Resources */,
			);
			buildRules = (
			);
			dependencies = (
			);
			fileSystemSynchronizedGroups = (
				AA0000000000000000000003 /* PollWidget */,
			);
			name = PollWidgetExtension;
			productName = PollWidgetExtension;
			productReference = AA0000000000000000000002 /* PollWidgetExtension.appex */;
			productType = "com.apple.product-type.app-extension";
		};
/* End PBXNativeTarget section */

/* Begin PBXProject section */
		048A46732FDFB066006FCDC4 /* Project object */ = {
			isa = PBXProject;
			attributes = {
				BuildIndependentTargetsInParallel = 1;
				LastSwiftUpdateCheck = 1620;
				LastUpgradeCheck = 1620;
				TargetAttributes = {
					048A467A2FDFB066006FCDC4 = {
						CreatedOnToolsVersion = 16.2;
					};
					048A46932FDFB068006FCDC4 = {
						CreatedOnToolsVersion = 16.2;
						TestTargetID = 048A467A2FDFB066006FCDC4;
					};
					048A469D2FDFB068006FCDC4 = {
						CreatedOnToolsVersion = 16.2;
						TestTargetID = 048A467A2FDFB066006FCDC4;
					};
					AA0000000000000000000001 = {
						CreatedOnToolsVersion = 16.2;
					};
				};
			};
			buildConfigurationList = 048A46762FDFB066006FCDC4 /* Build configuration list for PBXProject "Feelit" */;
			developmentRegion = vi;
			hasScannedForEncodings = 0;
			knownRegions = (
				en,
				Base,
				vi,
			);
			mainGroup = 048A46722FDFB066006FCDC4;
			minimizedProjectReferenceProxies = 1;
			packageReferences = (
				0434B8672FE0FB2D00014458 /* XCRemoteSwiftPackageReference "Starscream" */,
			);
			preferredProjectObjectVersion = 77;
			productRefGroup = 048A467C2FDFB066006FCDC4 /* Products */;
			projectDirPath = "";
			projectRoot = "";
			targets = (
				048A467A2FDFB066006FCDC4 /* Feelit */,
				048A46932FDFB068006FCDC4 /* FeelitTests */,
				048A469D2FDFB068006FCDC4 /* FeelitUITests */,
				AA0000000000000000000001 /* PollWidgetExtension */,
			);
		};
/* End PBXProject section */

/* Begin PBXResourcesBuildPhase section */
		048A46792FDFB066006FCDC4 /* Resources */ = {
			isa = PBXResourcesBuildPhase;
			buildActionMask = 2147483647;
			files = (
			);
			runOnlyForDeploymentPostprocessing = 0;
		};
		048A46922FDFB068006FCDC4 /* Resources */ = {
			isa = PBXResourcesBuildPhase;
			buildActionMask = 2147483647;
			files = (
			);
			runOnlyForDeploymentPostprocessing = 0;
		};
		048A469C2FDFB068006FCDC4 /* Resources */ = {
			isa = PBXResourcesBuildPhase;
			buildActionMask = 2147483647;
			files = (
			);
			runOnlyForDeploymentPostprocessing = 0;
		};
		AA0000000000000000000006 /* Resources */ = {
			isa = PBXResourcesBuildPhase;
			buildActionMask = 2147483647;
			files = (
			);
			runOnlyForDeploymentPostprocessing = 0;
		};
/* End PBXResourcesBuildPhase section */

/* Begin PBXSourcesBuildPhase section */
		048A46772FDFB066006FCDC4 /* Sources */ = {
			isa = PBXSourcesBuildPhase;
			buildActionMask = 2147483647;
			files = (
			);
			runOnlyForDeploymentPostprocessing = 0;
		};
		048A46902FDFB068006FCDC4 /* Sources */ = {
			isa = PBXSourcesBuildPhase;
			buildActionMask = 2147483647;
			files = (
			);
			runOnlyForDeploymentPostprocessing = 0;
		};
		048A469A2FDFB068006FCDC4 /* Sources */ = {
			isa = PBXSourcesBuildPhase;
			buildActionMask = 2147483647;
			files = (
			);
			runOnlyForDeploymentPostprocessing = 0;
		};
		AA0000000000000000000004 /* Sources */ = {
			isa = PBXSourcesBuildPhase;
			buildActionMask = 2147483647;
			files = (
			);
			runOnlyForDeploymentPostprocessing = 0;
		};
/* End PBXSourcesBuildPhase section */

/* Begin PBXTargetDependency section */
		048A46962FDFB068006FCDC4 /* PBXTargetDependency */ = {
			isa = PBXTargetDependency;
			target = 048A467A2FDFB066006FCDC4 /* Feelit */;
			targetProxy = 048A46952FDFB068006FCDC4 /* PBXContainerItemProxy */;
		};
		048A46A02FDFB068006FCDC4 /* PBXTargetDependency */ = {
			isa = PBXTargetDependency;
			target = 048A467A2FDFB066006FCDC4 /* Feelit */;
			targetProxy = 048A469F2FDFB068006FCDC4 /* PBXContainerItemProxy */;
		};
		AA000000000000000000000C /* PBXTargetDependency */ = {
			isa = PBXTargetDependency;
			target = AA0000000000000000000001 /* PollWidgetExtension */;
			targetProxy = AA000000000000000000000D /* PBXContainerItemProxy */;
		};
/* End PBXTargetDependency section */

/* Begin XCBuildConfiguration section */
		048A46A82FDFB068006FCDC4 /* Debug */ = {
			isa = XCBuildConfiguration;
			buildSettings = {
				ASSETCATALOG_COMPILER_APPICON_NAME = AppIcon;
				ASSETCATALOG_COMPILER_GLOBAL_ACCENT_COLOR_NAME = AccentColor;
				CODE_SIGN_ENTITLEMENTS = Feelit/Feelit.entitlements;
				CODE_SIGN_STYLE = Automatic;
				CURRENT_PROJECT_VERSION = 13;
				DEVELOPMENT_TEAM = 3KYTL85W67;
				GENERATE_INFOPLIST_FILE = YES;
				INFOPLIST_FILE = Feelit/Info.plist;
				INFOPLIST_KEY_UIApplicationSupportsIndirectInputEvents = YES;
				INFOPLIST_KEY_UILaunchStoryboardName = LaunchScreen;
				INFOPLIST_KEY_UIMainStoryboardFile = "";
				INFOPLIST_KEY_UISupportedInterfaceOrientations_iPad = "UIInterfaceOrientationPortrait UIInterfaceOrientationPortraitUpsideDown UIInterfaceOrientationLandscapeLeft UIInterfaceOrientationLandscapeRight";
				INFOPLIST_KEY_UISupportedInterfaceOrientations_iPhone = "UIInterfaceOrientationPortrait UIInterfaceOrientationLandscapeLeft UIInterfaceOrientationLandscapeRight";
				LD_RUNPATH_SEARCH_PATHS = (
					"$(inherited)",
					"@executable_path/Frameworks",
				);
				MARKETING_VERSION = 1.0;
				PRODUCT_BUNDLE_IDENTIFIER = vn.feelit.app;
				PRODUCT_NAME = "$(TARGET_NAME)";
				PROVISIONING_PROFILE_SPECIFIER = "";
				SWIFT_EMIT_LOC_STRINGS = YES;
				SWIFT_VERSION = 5.0;
				TARGETED_DEVICE_FAMILY = "1,2";
			};
			name = Debug;
		};
		048A46A92FDFB068006FCDC4 /* Release */ = {
			isa = XCBuildConfiguration;
			buildSettings = {
				ASSETCATALOG_COMPILER_APPICON_NAME = AppIcon;
				ASSETCATALOG_COMPILER_GLOBAL_ACCENT_COLOR_NAME = AccentColor;
				CODE_SIGN_ENTITLEMENTS = Feelit/Feelit.entitlements;
				CODE_SIGN_STYLE = Automatic;
				CURRENT_PROJECT_VERSION = 13;
				DEVELOPMENT_TEAM = 3KYTL85W67;
				GENERATE_INFOPLIST_FILE = YES;
				INFOPLIST_FILE = Feelit/Info.plist;
				INFOPLIST_KEY_UIApplicationSupportsIndirectInputEvents = YES;
				INFOPLIST_KEY_UILaunchStoryboardName = LaunchScreen;
				INFOPLIST_KEY_UIMainStoryboardFile = "";
				INFOPLIST_KEY_UISupportedInterfaceOrientations_iPad = "UIInterfaceOrientationPortrait UIInterfaceOrientationPortraitUpsideDown UIInterfaceOrientationLandscapeLeft UIInterfaceOrientationLandscapeRight";
				INFOPLIST_KEY_UISupportedInterfaceOrientations_iPhone = "UIInterfaceOrientationPortrait UIInterfaceOrientationLandscapeLeft UIInterfaceOrientationLandscapeRight";
				LD_RUNPATH_SEARCH_PATHS = (
					"$(inherited)",
					"@executable_path/Frameworks",
				);
				MARKETING_VERSION = 1.0;
				PRODUCT_BUNDLE_IDENTIFIER = vn.feelit.app;
				PRODUCT_NAME = "$(TARGET_NAME)";
				PROVISIONING_PROFILE_SPECIFIER = "";
				SWIFT_EMIT_LOC_STRINGS = YES;
				SWIFT_VERSION = 5.0;
				TARGETED_DEVICE_FAMILY = "1,2";
			};
			name = Release;
		};
		048A46AA2FDFB068006FCDC4 /* Debug */ = {
			isa = XCBuildConfiguration;
			buildSettings = {
				ALWAYS_SEARCH_USER_PATHS = NO;
				ASSETCATALOG_COMPILER_GENERATE_SWIFT_ASSET_SYMBOL_EXTENSIONS = YES;
				CLANG_ANALYZER_NONNULL = YES;
				CLANG_ANALYZER_NUMBER_OBJECT_CONVERSION = YES_AGGRESSIVE;
				CLANG_CXX_LANGUAGE_STANDARD = "gnu++20";
				CLANG_ENABLE_MODULES = YES;
				CLANG_ENABLE_OBJC_ARC = YES;
				CLANG_ENABLE_OBJC_WEAK = YES;
				CLANG_WARN_BLOCK_CAPTURE_AUTORELEASING = YES;
				CLANG_WARN_BOOL_CONVERSION = YES;
				CLANG_WARN_COMMA = YES;
				CLANG_WARN_CONSTANT_CONVERSION = YES;
				CLANG_WARN_DEPRECATED_OBJC_IMPLEMENTATIONS = YES;
				CLANG_WARN_DIRECT_OBJC_ISA_USAGE = YES_ERROR;
				CLANG_WARN_DOCUMENTATION_COMMENTS = YES;
				CLANG_WARN_EMPTY_BODY = YES;
				CLANG_WARN_ENUM_CONVERSION = YES;
				CLANG_WARN_INFINITE_RECURSION = YES;
				CLANG_WARN_INT_CONVERSION = YES;
				CLANG_WARN_NON_LITERAL_NULL_CONVERSION = YES;
				CLANG_WARN_OBJC_IMPLICIT_RETAIN_SELF = YES;
				CLANG_WARN_OBJC_LITERAL_CONVERSION = YES;
				CLANG_WARN_OBJC_ROOT_CLASS = YES_ERROR;
				CLANG_WARN_QUOTED_INCLUDE_IN_FRAMEWORK_HEADER = YES;
				CLANG_WARN_RANGE_LOOP_ANALYSIS = YES;
				CLANG_WARN_STRICT_PROTOTYPES = YES;
				CLANG_WARN_SUSPICIOUS_MOVE = YES;
				CLANG_WARN_UNGUARDED_AVAILABILITY = YES_AGGRESSIVE;
				CLANG_WARN_UNREACHABLE_CODE = YES;
				CLANG_WARN__DUPLICATE_METHOD_MATCH = YES;
				COPY_PHASE_STRIP = NO;
				DEBUG_INFORMATION_FORMAT = dwarf;
				ENABLE_STRICT_OBJC_MSGSEND = YES;
				ENABLE_TESTABILITY = YES;
				ENABLE_USER_SCRIPT_SANDBOXING = YES;
				GCC_C_LANGUAGE_STANDARD = gnu17;
				GCC_DYNAMIC_NO_PIC = NO;
				GCC_NO_COMMON_BLOCKS = YES;
				GCC_OPTIMIZATION_LEVEL = 0;
				GCC_PREPROCESSOR_DEFINITIONS = (
					"DEBUG=1",
					"$(inherited)",
				);
				GCC_WARN_64_TO_32_BIT_CONVERSION = YES;
				GCC_WARN_ABOUT_RETURN_TYPE = YES_ERROR;
				GCC_WARN_UNDECLARED_SELECTOR = YES;
				GCC_WARN_UNINITIALIZED_AUTOS = YES_AGGRESSIVE;
				GCC_WARN_UNUSED_FUNCTION = YES;
				GCC_WARN_UNUSED_VARIABLE = YES;
				IPHONEOS_DEPLOYMENT_TARGET = 18.0;
				LOCALIZATION_PREFERS_STRING_CATALOGS = YES;
				MTL_ENABLE_DEBUG_INFO = INCLUDE_SOURCE;
				MTL_FAST_MATH = YES;
				ONLY_ACTIVE_ARCH = YES;
				SDKROOT = iphoneos;
				SWIFT_ACTIVE_COMPILATION_CONDITIONS = "DEBUG $(inherited)";
				SWIFT_OPTIMIZATION_LEVEL = "-Onone";
			};
			name = Debug;
		};
		048A46AB2FDFB068006FCDC4 /* Release */ = {
			isa = XCBuildConfiguration;
			buildSettings = {
				ALWAYS_SEARCH_USER_PATHS = NO;
				ASSETCATALOG_COMPILER_GENERATE_SWIFT_ASSET_SYMBOL_EXTENSIONS = YES;
				CLANG_ANALYZER_NONNULL = YES;
				CLANG_ANALYZER_NUMBER_OBJECT_CONVERSION = YES_AGGRESSIVE;
				CLANG_CXX_LANGUAGE_STANDARD = "gnu++20";
				CLANG_ENABLE_MODULES = YES;
				CLANG_ENABLE_OBJC_ARC = YES;
				CLANG_ENABLE_OBJC_WEAK = YES;
				CLANG_WARN_BLOCK_CAPTURE_AUTORELEASING = YES;
				CLANG_WARN_BOOL_CONVERSION = YES;
				CLANG_WARN_COMMA = YES;
				CLANG_WARN_CONSTANT_CONVERSION = YES;
				CLANG_WARN_DEPRECATED_OBJC_IMPLEMENTATIONS = YES;
				CLANG_WARN_DIRECT_OBJC_ISA_USAGE = YES_ERROR;
				CLANG_WARN_DOCUMENTATION_COMMENTS = YES;
				CLANG_WARN_EMPTY_BODY = YES;
				CLANG_WARN_ENUM_CONVERSION = YES;
				CLANG_WARN_INFINITE_RECURSION = YES;
				CLANG_WARN_INT_CONVERSION = YES;
				CLANG_WARN_NON_LITERAL_NULL_CONVERSION = YES;
				CLANG_WARN_OBJC_IMPLICIT_RETAIN_SELF = YES;
				CLANG_WARN_OBJC_LITERAL_CONVERSION = YES;
				CLANG_WARN_OBJC_ROOT_CLASS = YES_ERROR;
				CLANG_WARN_QUOTED_INCLUDE_IN_FRAMEWORK_HEADER = YES;
				CLANG_WARN_RANGE_LOOP_ANALYSIS = YES;
				CLANG_WARN_STRICT_PROTOTYPES = YES;
				CLANG_WARN_SUSPICIOUS_MOVE = YES;
				CLANG_WARN_UNGUARDED_AVAILABILITY = YES_AGGRESSIVE;
				CLANG_WARN_UNREACHABLE_CODE = YES;
				CLANG_WARN__DUPLICATE_METHOD_MATCH = YES;
				COPY_PHASE_STRIP = NO;
				DEBUG_INFORMATION_FORMAT = "dwarf-with-dsym";
				ENABLE_NS_ASSERTIONS = NO;
				ENABLE_STRICT_OBJC_MSGSEND = YES;
				ENABLE_USER_SCRIPT_SANDBOXING = YES;
				GCC_C_LANGUAGE_STANDARD = gnu17;
				GCC_NO_COMMON_BLOCKS = YES;
				GCC_WARN_64_TO_32_BIT_CONVERSION = YES;
				GCC_WARN_ABOUT_RETURN_TYPE = YES_ERROR;
				GCC_WARN_UNDECLARED_SELECTOR = YES;
				GCC_WARN_UNINITIALIZED_AUTOS = YES_AGGRESSIVE;
				GCC_WARN_UNUSED_FUNCTION = YES;
				GCC_WARN_UNUSED_VARIABLE = YES;
				IPHONEOS_DEPLOYMENT_TARGET = 18.0;
				LOCALIZATION_PREFERS_STRING_CATALOGS = YES;
				MTL_ENABLE_DEBUG_INFO = NO;
				MTL_FAST_MATH = YES;
				SDKROOT = iphoneos;
				SWIFT_COMPILATION_MODE = wholemodule;
				VALIDATE_PRODUCT = YES;
			};
			name = Release;
		};
		048A46AD2FDFB068006FCDC4 /* Debug */ = {
			isa = XCBuildConfiguration;
			buildSettings = {
				BUNDLE_LOADER = "$(TEST_HOST)";
				CODE_SIGN_STYLE = Automatic;
				CURRENT_PROJECT_VERSION = 13;
				GENERATE_INFOPLIST_FILE = YES;
				IPHONEOS_DEPLOYMENT_TARGET = 18.0;
				MARKETING_VERSION = 1.0;
				PRODUCT_BUNDLE_IDENTIFIER = Dun.FeelitTests;
				PRODUCT_NAME = "$(TARGET_NAME)";
				SWIFT_EMIT_LOC_STRINGS = NO;
				SWIFT_VERSION = 5.0;
				TARGETED_DEVICE_FAMILY = "1,2";
				TEST_HOST = "$(BUILT_PRODUCTS_DIR)/Feelit.app/$(BUNDLE_EXECUTABLE_FOLDER_PATH)/Feelit";
			};
			name = Debug;
		};
		048A46AE2FDFB068006FCDC4 /* Release */ = {
			isa = XCBuildConfiguration;
			buildSettings = {
				BUNDLE_LOADER = "$(TEST_HOST)";
				CODE_SIGN_STYLE = Automatic;
				CURRENT_PROJECT_VERSION = 13;
				GENERATE_INFOPLIST_FILE = YES;
				IPHONEOS_DEPLOYMENT_TARGET = 18.0;
				MARKETING_VERSION = 1.0;
				PRODUCT_BUNDLE_IDENTIFIER = Dun.FeelitTests;
				PRODUCT_NAME = "$(TARGET_NAME)";
				SWIFT_EMIT_LOC_STRINGS = NO;
				SWIFT_VERSION = 5.0;
				TARGETED_DEVICE_FAMILY = "1,2";
				TEST_HOST = "$(BUILT_PRODUCTS_DIR)/Feelit.app/$(BUNDLE_EXECUTABLE_FOLDER_PATH)/Feelit";
			};
			name = Release;
		};
		048A46B02FDFB068006FCDC4 /* Debug */ = {
			isa = XCBuildConfiguration;
			buildSettings = {
				CODE_SIGN_STYLE = Automatic;
				CURRENT_PROJECT_VERSION = 13;
				GENERATE_INFOPLIST_FILE = YES;
				MARKETING_VERSION = 1.0;
				PRODUCT_BUNDLE_IDENTIFIER = Dun.FeelitUITests;
				PRODUCT_NAME = "$(TARGET_NAME)";
				SWIFT_EMIT_LOC_STRINGS = NO;
				SWIFT_VERSION = 5.0;
				TARGETED_DEVICE_FAMILY = "1,2";
				TEST_TARGET_NAME = Feelit;
			};
			name = Debug;
		};
		048A46B12FDFB068006FCDC4 /* Release */ = {
			isa = XCBuildConfiguration;
			buildSettings = {
				CODE_SIGN_STYLE = Automatic;
				CURRENT_PROJECT_VERSION = 13;
				GENERATE_INFOPLIST_FILE = YES;
				MARKETING_VERSION = 1.0;
				PRODUCT_BUNDLE_IDENTIFIER = Dun.FeelitUITests;
				PRODUCT_NAME = "$(TARGET_NAME)";
				SWIFT_EMIT_LOC_STRINGS = NO;
				SWIFT_VERSION = 5.0;
				TARGETED_DEVICE_FAMILY = "1,2";
				TEST_TARGET_NAME = Feelit;
			};
			name = Release;
		};
		AA0000000000000000000008 /* Debug */ = {
			isa = XCBuildConfiguration;
			buildSettings = {
				CODE_SIGN_STYLE = Automatic;
				CURRENT_PROJECT_VERSION = 13;
				DEVELOPMENT_TEAM = 3KYTL85W67;
				GENERATE_INFOPLIST_FILE = YES;
				INFOPLIST_FILE = PollWidget/Info.plist;
				INFOPLIST_KEY_CFBundleDisplayName = "Flash Poll";
				INFOPLIST_KEY_NSHumanReadableCopyright = "";
				IPHONEOS_DEPLOYMENT_TARGET = 18.0;
				LD_RUNPATH_SEARCH_PATHS = (
					"$(inherited)",
					"@executable_path/Frameworks",
					"@executable_path/../../Frameworks",
				);
				MARKETING_VERSION = 1.0;
				PRODUCT_BUNDLE_IDENTIFIER = vn.feelit.app.PollWidget;
				PRODUCT_NAME = "$(TARGET_NAME)";
				SKIP_INSTALL = YES;
				SWIFT_EMIT_LOC_STRINGS = YES;
				SWIFT_VERSION = 5.0;
				TARGETED_DEVICE_FAMILY = "1,2";
			};
			name = Debug;
		};
		AA0000000000000000000009 /* Release */ = {
			isa = XCBuildConfiguration;
			buildSettings = {
				CODE_SIGN_STYLE = Automatic;
				CURRENT_PROJECT_VERSION = 13;
				DEVELOPMENT_TEAM = 3KYTL85W67;
				GENERATE_INFOPLIST_FILE = YES;
				INFOPLIST_FILE = PollWidget/Info.plist;
				INFOPLIST_KEY_CFBundleDisplayName = "Flash Poll";
				INFOPLIST_KEY_NSHumanReadableCopyright = "";
				IPHONEOS_DEPLOYMENT_TARGET = 18.0;
				LD_RUNPATH_SEARCH_PATHS = (
					"$(inherited)",
					"@executable_path/Frameworks",
					"@executable_path/../../Frameworks",
				);
				MARKETING_VERSION = 1.0;
				PRODUCT_BUNDLE_IDENTIFIER = vn.feelit.app.PollWidget;
				PRODUCT_NAME = "$(TARGET_NAME)";
				SKIP_INSTALL = YES;
				SWIFT_EMIT_LOC_STRINGS = YES;
				SWIFT_VERSION = 5.0;
				TARGETED_DEVICE_FAMILY = "1,2";
			};
			name = Release;
		};
/* End XCBuildConfiguration section */

/* Begin XCConfigurationList section */
		048A46762FDFB066006FCDC4 /* Build configuration list for PBXProject "Feelit" */ = {
			isa = XCConfigurationList;
			buildConfigurations = (
				048A46AA2FDFB068006FCDC4 /* Debug */,
				048A46AB2FDFB068006FCDC4 /* Release */,
			);
			defaultConfigurationIsVisible = 0;
			defaultConfigurationName = Release;
		};
		048A46A72FDFB068006FCDC4 /* Build configuration list for PBXNativeTarget "Feelit" */ = {
			isa = XCConfigurationList;
			buildConfigurations = (
				048A46A82FDFB068006FCDC4 /* Debug */,
				048A46A92FDFB068006FCDC4 /* Release */,
			);
			defaultConfigurationIsVisible = 0;
			defaultConfigurationName = Release;
		};
		048A46AC2FDFB068006FCDC4 /* Build configuration list for PBXNativeTarget "FeelitTests" */ = {
			isa = XCConfigurationList;
			buildConfigurations = (
				048A46AD2FDFB068006FCDC4 /* Debug */,
				048A46AE2FDFB068006FCDC4 /* Release */,
			);
			defaultConfigurationIsVisible = 0;
			defaultConfigurationName = Release;
		};
		048A46AF2FDFB068006FCDC4 /* Build configuration list for PBXNativeTarget "FeelitUITests" */ = {
			isa = XCConfigurationList;
			buildConfigurations = (
				048A46B02FDFB068006FCDC4 /* Debug */,
				048A46B12FDFB068006FCDC4 /* Release */,
			);
			defaultConfigurationIsVisible = 0;
			defaultConfigurationName = Release;
		};
		AA0000000000000000000007 /* Build configuration list for PBXNativeTarget "PollWidgetExtension" */ = {
			isa = XCConfigurationList;
			buildConfigurations = (
				AA0000000000000000000008 /* Debug */,
				AA0000000000000000000009 /* Release */,
			);
			defaultConfigurationIsVisible = 0;
			defaultConfigurationName = Release;
		};
/* End XCConfigurationList section */

/* Begin XCRemoteSwiftPackageReference section */
		0434B8672FE0FB2D00014458 /* XCRemoteSwiftPackageReference "Starscream" */ = {
			isa = XCRemoteSwiftPackageReference;
			repositoryURL = "https://github.com/daltoniam/Starscream";
			requirement = {
				kind = upToNextMajorVersion;
				minimumVersion = 4.0.6;
			};
		};
/* End XCRemoteSwiftPackageReference section */

/* Begin XCSwiftPackageProductDependency section */
		0434B8682FE0FB3200014458 /* Starscream */ = {
			isa = XCSwiftPackageProductDependency;
			package = 0434B8672FE0FB2D00014458 /* XCRemoteSwiftPackageReference "Starscream" */;
			productName = Starscream;
		};
/* End XCSwiftPackageProductDependency section */
	};
	rootObject = 048A46732FDFB066006FCDC4 /* Project object */;
}
